
Microsoft Visual Studio Solution File, Format Version 12.00
# Visual Studio Version 16
VisualStudioVersion = 16.0.29926.136
MinimumVisualStudioVersion = 10.0.40219.1
Project("{9A19103F-16F7-4668-BE54-9A1E7A4F7556}") = "dnd_graphql_svc", "dnd_graphql_svc.csproj", "{CD3A8CA4-601E-4A02-AC8E-7E8ABDACCBA6}"
EndProject
Project("{9A19103F-16F7-4668-BE54-9A1E7A4F7556}") = "dnd_dal", "..\dnd_dal\dnd_dal.csproj", "{4FE8F007-F7EC-4D8A-BF40-C545B2DE7763}"
EndProject
Project("{9A19103F-16F7-4668-BE54-9A1E7A4F7556}") = "dnd_svc_test", "..\dnd_svc_test\dnd_svc_test.csproj", "{DAC73EA7-661D-48F4-B874-EAF79D8FA497}"
EndProject
Project("{FAE04EC0-301F-11D3-BF4B-00C04F79EFBC}") = "dnd_service_logic", "..\dnd_service_logic\dnd_service_logic.csproj", "{F6F71D7D-E620-49FE-83A0-DA062C6DADF7}"
EndProject
Global
	GlobalSection(SolutionConfigurationPlatforms) = preSolution
		Debug|Any CPU = Debug|Any CPU
		linux|Any CPU = linux|Any CPU
		Release|Any CPU = Release|Any CPU
	EndGlobalSection
	GlobalSection(ProjectConfigurationPlatforms) = postSolution
		{CD3A8CA4-601E-4A02-AC8E-7E8ABDACCBA6}.Debug|Any CPU.ActiveCfg = Debug|Any CPU
		{CD3A8CA4-601E-4A02-AC8E-7E8ABDACCBA6}.Debug|Any CPU.Build.0 = Debug|Any CPU
		{CD3A8CA4-601E-4A02-AC8E-7E8ABDACCBA6}.linux|Any CPU.ActiveCfg = linux|Any CPU
		{CD3A8CA4-601E-4A02-AC8E-7E8ABDACCBA6}.linux|Any CPU.Build.0 = linux|Any CPU
		{CD3A8CA4-601E-4A02-AC8E-7E8ABDACCBA6}.Release|Any CPU.ActiveCfg = Release|Any CPU
		{CD3A8CA4-601E-4A02-AC8E-7E8ABDACCBA6}.Release|Any CPU.Build.0 = Release|Any CPU
		{4FE8F007-F7EC-4D8A-BF40-C545B2DE7763}.Debug|Any CPU.ActiveCfg = Debug|Any CPU
		{4FE8F007-F7EC-4D8A-BF40-C545B2DE7763}.Debug|Any CPU.Build.0 = Debug|Any CPU
		{4FE8F007-F7EC-4D8A-BF40-C545B2DE7763}.linux|Any CPU.ActiveCfg = linux|Any CPU
		{4FE8F007-F7EC-4D8A-BF40-C545B2DE7763}.linux|Any CPU.Build.0 = linux|Any CPU
		{4FE8F007-F7EC-4D8A-BF40-C545B2DE7763}.Release|Any CPU.ActiveCfg = Release|Any CPU
		{4FE8F007-F7EC-4D8A-BF40-C545B2DE7763}.Release|Any CPU.Build.0 = Release|Any CPU
		{DAC73EA7-661D-48F4-B874-EAF79D8FA497}.Debug|Any CPU.ActiveCfg = Debug|Any CPU
		{DAC73EA7-661D-48F4-B874-EAF79D8FA497}.Debug|Any CPU.Build.0 = Debug|Any CPU
		{DAC73EA7-661D-48F4-B874-EAF79D8FA497}.linux|Any CPU.ActiveCfg = linux|Any CPU
		{DAC73EA7-661D-48F4-B874-EAF79D8FA497}.linux|Any CPU.Build.0 = linux|Any CPU
		{DAC73EA7-661D-48F4-B874-EAF79D8FA497}.Release|Any CPU.ActiveCfg = Release|Any CPU
		{DAC73EA7-661D-48F4-B874-EAF79D8FA497}.Release|Any CPU.Build.0 = Release|Any CPU
		{F6F71D7D-E620-49FE-83A0-DA062C6DADF7}.Debug|Any CPU.ActiveCfg = Debug|Any CPU
		{F6F71D7D-E620-49FE-83A0-DA062C6DADF7}.Debug|Any CPU.Build.0 = Debug|Any CPU
		{F6F71D7D-E620-49FE-83A0-DA062C6DADF7}.linux|Any CPU.ActiveCfg = Debug|Any CPU
		{F6F71D7D-E620-49FE-83A0-DA062C6DADF7}.linux|Any CPU.Build.0 = Debug|Any CPU
		{F6F71D7D-E620-49FE-83A0-DA062C6DADF7}.Release|Any CPU.ActiveCfg = Release|Any CPU
		{F6F71D7D-E620-49FE-83A0-DA062C6DADF7}.Release|Any CPU.Build.0 = Release|Any CPU
	EndGlobalSection
	GlobalSection(SolutionProperties) = preSolution
		HideSolutionNode = FALSE
	EndGlobalSection
	GlobalSection(ExtensibilityGlobals) = postSolution
		SolutionGuid = {844F4C28-CA52-4669-A2DC-6C2EBA90F838}
	EndGlobalSection
EndGlobal
